// !$*UTF8*$!
{
	archiveVersion = 1;
	classes = {
	};
	objectVersion = 56;
	objects = {

/* Begin PBXBuildFile section */
		541193BD09A918E0881DB71A /* Pods_CerealDemoTests.framework in Frameworks */ = {isa = PBXBuildFile; fileRef = 9084D4AB827412327CCA36F2 /* Pods_CerealDemoTests.framework */; };
		8378D8E57D9E6E6733E64CEC /* Pods_CerealDemo_CerealDemoUITests.framework in Frameworks */ = {isa = PBXBuildFile; fileRef = 1E8B75C2B41DE522733F1278 /* Pods_CerealDemo_CerealDemoUITests.framework */; };
		8E66983AC489800F76449970 /* Pods_CerealDemo.framework in Frameworks */ = {isa = PBXBuildFile; fileRef = 07BFDC7B71D30AE617783016 /* Pods_CerealDemo.framework */; };
		99AB8209294AB6A3006703A6 /* CerealDemoApp.swift in Sources */ = {isa = PBXBuildFile; fileRef = 99AB8208294AB6A3006703A6 /* CerealDemoApp.swift */; };
		99AB820D294AB6A4006703A6 /* Assets.xcassets in Resources */ = {isa = PBXBuildFile; fileRef = 99AB820C294AB6A4006703A6 /* Assets.xcassets */; };
		99AB8210294AB6A4006703A6 /* Preview Assets.xcassets in Resources */ = {isa = PBXBuildFile; fileRef = 99AB820F294AB6A4006703A6 /* Preview Assets.xcassets */; };
		99AB821A294AB6A4006703A6 /* CerealDemoTests.swift in Sources */ = {isa = PBXBuildFile; fileRef = 99AB8219294AB6A4006703A6 /* CerealDemoTests.swift */; };
		99AB8224294AB6A4006703A6 /* CerealDemoUITests.swift in Sources */ = {isa = PBXBuildFile; fileRef = 99AB8223294AB6A4006703A6 /* CerealDemoUITests.swift */; };
		99AB8226294AB6A4006703A6 /* CerealDemoUITestsLaunchTests.swift in Sources */ = {isa = PBXBuildFile; fileRef = 99AB8225294AB6A4006703A6 /* CerealDemoUITestsLaunchTests.swift */; };
		99AB8242294AB77B006703A6 /* FrameView.swift in Sources */ = {isa = PBXBuildFile; fileRef = 99AB823F294AB77B006703A6 /* FrameView.swift */; };
		99AB8243294AB77B006703A6 /* ContentView.swift in Sources */ = {isa = PBXBuildFile; fileRef = 99AB8240294AB77B006703A6 /* ContentView.swift */; };
		99AB8244294AB77B006703A6 /* ErrorView.swift in Sources */ = {isa = PBXBuildFile; fileRef = 99AB8241294AB77B006703A6 /* ErrorView.swift */; };
		99AB8249294AB78B006703A6 /* CameraError.swift in Sources */ = {isa = PBXBuildFile; fileRef = 99AB8246294AB78B006703A6 /* CameraError.swift */; };
		99AB824A294AB78B006703A6 /* FrameManager.swift in Sources */ = {isa = PBXBuildFile; fileRef = 99AB8247294AB78B006703A6 /* FrameManager.swift */; };
		99AB824B294AB78B006703A6 /* CameraManager.swift in Sources */ = {isa = PBXBuildFile; fileRef = 99AB8248294AB78B006703A6 /* CameraManager.swift */; };
		99AB824F294AB790006703A6 /* CGImageExtension.swift in Sources */ = {isa = PBXBuildFile; fileRef = 99AB824D294AB790006703A6 /* CGImageExtension.swift */; };
		99AB8250294AB790006703A6 /* StringExtension.swift in Sources */ = {isa = PBXBuildFile; fileRef = 99AB824E294AB790006703A6 /* StringExtension.swift */; };
		99AB8253294AB795006703A6 /* CerealClassificationHelper.swift in Sources */ = {isa = PBXBuildFile; fileRef = 99AB8252294AB795006703A6 /* CerealClassificationHelper.swift */; };
		99AB8256294AB79A006703A6 /* ContentViewModel.swift in Sources */ = {isa = PBXBuildFile; fileRef = 99AB8255294AB79A006703A6 /* ContentViewModel.swift */; };
		99C93D63294AB9C000498157 /* cereal_model.tflite in Resources */ = {isa = PBXBuildFile; fileRef = 99C93D62294AB9C000498157 /* cereal_model.tflite */; };
		99FEF115294ACB79003418A5 /* CerealDetectionHelper.swift in Sources */ = {isa = PBXBuildFile; fileRef = 99FEF114294ACB79003418A5 /* CerealDetectionHelper.swift */; };
		99FEF117294ACC45003418A5 /* best-int8.tflite in Resources */ = {isa = PBXBuildFile; fileRef = 99FEF116294ACC45003418A5 /* best-int8.tflite */; };
		99FEF11B294AD22F003418A5 /* ssd_mobilenet_v1.tflite in Resources */ = {isa = PBXBuildFile; fileRef = 99FEF11A294AD22F003418A5 /* ssd_mobilenet_v1.tflite */; };
/* End PBXBuildFile section */

/* Begin PBXContainerItemProxy section */
		99AB8216294AB6A4006703A6 /* PBXContainerItemProxy */ = {
			isa = PBXContainerItemProxy;
			containerPortal = 99AB81FD294AB6A3006703A6 /* Project object */;
			proxyType = 1;
			remoteGlobalIDString = 99AB8204294AB6A3006703A6;
			remoteInfo = CerealDemo;
		};
		99AB8220294AB6A4006703A6 /* PBXContainerItemProxy */ = {
			isa = PBXContainerItemProxy;
			containerPortal = 99AB81FD294AB6A3006703A6 /* Project object */;
			proxyType = 1;
			remoteGlobalIDString = 99AB8204294AB6A3006703A6;
			remoteInfo = CerealDemo;
		};
/* End PBXContainerItemProxy section */

/* Begin PBXFileReference section */
		07BFDC7B71D30AE617783016 /* Pods_CerealDemo.framework */ = {isa = PBXFileReference; explicitFileType = wrapper.framework; includeInIndex = 0; path = Pods_CerealDemo.framework; sourceTree = BUILT_PRODUCTS_DIR; };
		1E8B75C2B41DE522733F1278 /* Pods_CerealDemo_CerealDemoUITests.framework */ = {isa = PBXFileReference; explicitFileType = wrapper.framework; includeInIndex = 0; path = Pods_CerealDemo_CerealDemoUITests.framework; sourceTree = BUILT_PRODUCTS_DIR; };
		246C2D8818FC2258A4A5466F /* Pods-CerealDemoTests.release.xcconfig */ = {isa = PBXFileReference; includeInIndex = 1; lastKnownFileType = text.xcconfig; name = "Pods-CerealDemoTests.release.xcconfig"; path = "Target Support Files/Pods-CerealDemoTests/Pods-CerealDemoTests.release.xcconfig"; sourceTree = "<group>"; };
		3864DF5200A069E886E17CE4 /* Pods-CerealDemo-CerealDemoUITests.debug.xcconfig */ = {isa = PBXFileReference; includeInIndex = 1; lastKnownFileType = text.xcconfig; name = "Pods-CerealDemo-CerealDemoUITests.debug.xcconfig"; path = "Target Support Files/Pods-CerealDemo-CerealDemoUITests/Pods-CerealDemo-CerealDemoUITests.debug.xcconfig"; sourceTree = "<group>"; };
		3FE39664FA81B7420E47990D /* Pods-CerealDemo.debug.xcconfig */ = {isa = PBXFileReference; includeInIndex = 1; lastKnownFileType = text.xcconfig; name = "Pods-CerealDemo.debug.xcconfig"; path = "Target Support Files/Pods-CerealDemo/Pods-CerealDemo.debug.xcconfig"; sourceTree = "<group>"; };
		5544116DA604AF86724B2296 /* Pods-CerealDemoTests.debug.xcconfig */ = {isa = PBXFileReference; includeInIndex = 1; lastKnownFileType = text.xcconfig; name = "Pods-CerealDemoTests.debug.xcconfig"; path = "Target Support Files/Pods-CerealDemoTests/Pods-CerealDemoTests.debug.xcconfig"; sourceTree = "<group>"; };
		88A7012A24FD3CD168347FEC /* Pods-CerealDemo-CerealDemoUITests.release.xcconfig */ = {isa = PBXFileReference; includeInIndex = 1; lastKnownFileType = text.xcconfig; name = "Pods-CerealDemo-CerealDemoUITests.release.xcconfig"; path = "Target Support Files/Pods-CerealDemo-CerealDemoUITests/Pods-CerealDemo-CerealDemoUITests.release.xcconfig"; sourceTree = "<group>"; };
		9084D4AB827412327CCA36F2 /* Pods_CerealDemoTests.framework */ = {isa = PBXFileReference; explicitFileType = wrapper.framework; includeInIndex = 0; path = Pods_CerealDemoTests.framework; sourceTree = BUILT_PRODUCTS_DIR; };
		99AB8205294AB6A3006703A6 /* CerealDemo.app */ = {isa = PBXFileReference; explicitFileType = wrapper.application; includeInIndex = 0; path = CerealDemo.app; sourceTree = BUILT_PRODUCTS_DIR; };
		99AB8208294AB6A3006703A6 /* CerealDemoApp.swift */ = {isa = PBXFileReference; lastKnownFileType = sourcecode.swift; path = CerealDemoApp.swift; sourceTree = "<group>"; };
		99AB820C294AB6A4006703A6 /* Assets.xcassets */ = {isa = PBXFileReference; lastKnownFileType = folder.assetcatalog; path = Assets.xcassets; sourceTree = "<group>"; };
		99AB820F294AB6A4006703A6 /* Preview Assets.xcassets */ = {isa = PBXFileReference; lastKnownFileType = folder.assetcatalog; path = "Preview Assets.xcassets"; sourceTree = "<group>"; };
		99AB8215294AB6A4006703A6 /* CerealDemoTests.xctest */ = {isa = PBXFileReference; explicitFileType = wrapper.cfbundle; includeInIndex = 0; path = CerealDemoTests.xctest; sourceTree = BUILT_PRODUCTS_DIR; };
		99AB8219294AB6A4006703A6 /* CerealDemoTests.swift */ = {isa = PBXFileReference; lastKnownFileType = sourcecode.swift; path = CerealDemoTests.swift; sourceTree = "<group>"; };
		99AB821F294AB6A4006703A6 /* CerealDemoUITests.xctest */ = {isa = PBXFileReference; explicitFileType = wrapper.cfbundle; includeInIndex = 0; path = CerealDemoUITests.xctest; sourceTree = BUILT_PRODUCTS_DIR; };
		99AB8223294AB6A4006703A6 /* CerealDemoUITests.swift */ = {isa = PBXFileReference; lastKnownFileType = sourcecode.swift; path = CerealDemoUITests.swift; sourceTree = "<group>"; };
		99AB8225294AB6A4006703A6 /* CerealDemoUITestsLaunchTests.swift */ = {isa = PBXFileReference; lastKnownFileType = sourcecode.swift; path = CerealDemoUITestsLaunchTests.swift; sourceTree = "<group>"; };
		99AB823F294AB77B006703A6 /* FrameView.swift */ = {isa = PBXFileReference; fileEncoding = 4; lastKnownFileType = sourcecode.swift; path = FrameView.swift; sourceTree = "<group>"; };
		99AB8240294AB77B006703A6 /* ContentView.swift */ = {isa = PBXFileReference; fileEncoding = 4; lastKnownFileType = sourcecode.swift; path = ContentView.swift; sourceTree = "<group>"; };
		99AB8241294AB77B006703A6 /* ErrorView.swift */ = {isa = PBXFileReference; fileEncoding = 4; lastKnownFileType = sourcecode.swift; path = ErrorView.swift; sourceTree = "<group>"; };
		99AB8246294AB78B006703A6 /* CameraError.swift */ = {isa = PBXFileReference; fileEncoding = 4; lastKnownFileType = sourcecode.swift; path = CameraError.swift; sourceTree = "<group>"; };
		99AB8247294AB78B006703A6 /* FrameManager.swift */ = {isa = PBXFileReference; fileEncoding = 4; lastKnownFileType = sourcecode.swift; path = FrameManager.swift; sourceTree = "<group>"; };
		99AB8248294AB78B006703A6 /* CameraManager.swift */ = {isa = PBXFileReference; fileEncoding = 4; lastKnownFileType = sourcecode.swift; path = CameraManager.swift; sourceTree = "<group>"; };
		99AB824D294AB790006703A6 /* CGImageExtension.swift */ = {isa = PBXFileReference; fileEncoding = 4; lastKnownFileType = sourcecode.swift; path = CGImageExtension.swift; sourceTree = "<group>"; };
		99AB824E294AB790006703A6 /* StringExtension.swift */ = {isa = PBXFileReference; fileEncoding = 4; lastKnownFileType = sourcecode.swift; path = StringExtension.swift; sourceTree = "<group>"; };
		99AB8252294AB795006703A6 /* CerealClassificationHelper.swift */ = {isa = PBXFileReference; fileEncoding = 4; lastKnownFileType = sourcecode.swift; path = CerealClassificationHelper.swift; sourceTree = "<group>"; };
		99AB8255294AB79A006703A6 /* ContentViewModel.swift */ = {isa = PBXFileReference; fileEncoding = 4; lastKnownFileType = sourcecode.swift; path = ContentViewModel.swift; sourceTree = "<group>"; };
		99C93D62294AB9C000498157 /* cereal_model.tflite */ = {isa = PBXFileReference; lastKnownFileType = file; path = cereal_model.tflite; sourceTree = "<group>"; };
		99FEF114294ACB79003418A5 /* CerealDetectionHelper.swift */ = {isa = PBXFileReference; lastKnownFileType = sourcecode.swift; path = CerealDetectionHelper.swift; sourceTree = "<group>"; };
		99FEF116294ACC45003418A5 /* best-int8.tflite */ = {isa = PBXFileReference; lastKnownFileType = file; path = "best-int8.tflite"; sourceTree = "<group>"; };
		99FEF11A294AD22F003418A5 /* ssd_mobilenet_v1.tflite */ = {isa = PBXFileReference; lastKnownFileType = file; path = ssd_mobilenet_v1.tflite; sourceTree = "<group>"; };
		F2F54B7C6DA37652B38F7DDF /* Pods-CerealDemo.release.xcconfig */ = {isa = PBXFileReference; includeInIndex = 1; lastKnownFileType = text.xcconfig; name = "Pods-CerealDemo.release.xcconfig"; path = "Target Support Files/Pods-CerealDemo/Pods-CerealDemo.release.xcconfig"; sourceTree = "<group>"; };
/* End PBXFileReference section */

/* Begin PBXFrameworksBuildPhase section */
		99AB8202294AB6A3006703A6 /* Frameworks */ = {
			isa = PBXFrameworksBuildPhase;
			buildActionMask = 2147483647;
			files = (
				8E66983AC489800F76449970 /* Pods_CerealDemo.framework in Frameworks */,
			);
			runOnlyForDeploymentPostprocessing = 0;
		};
		99AB8212294AB6A4006703A6 /* Frameworks */ = {
			isa = PBXFrameworksBuildPhase;
			buildActionMask = 2147483647;
			files = (
				541193BD09A918E0881DB71A /* Pods_CerealDemoTests.framework in Frameworks */,
			);
			runOnlyForDeploymentPostprocessing = 0;
		};
		99AB821C294AB6A4006703A6 /* Frameworks */ = {
			isa = PBXFrameworksBuildPhase;
			buildActionMask = 2147483647;
			files = (
				8378D8E57D9E6E6733E64CEC /* Pods_CerealDemo_CerealDemoUITests.framework in Frameworks */,
			);
			runOnlyForDeploymentPostprocessing = 0;
		};
/* End PBXFrameworksBuildPhase section */

/* Begin PBXGroup section */
		2CB4820440D97ADB0FF788BD /* Frameworks */ = {
			isa = PBXGroup;
			children = (
				07BFDC7B71D30AE617783016 /* Pods_CerealDemo.framework */,
				1E8B75C2B41DE522733F1278 /* Pods_CerealDemo_CerealDemoUITests.framework */,
				9084D4AB827412327CCA36F2 /* Pods_CerealDemoTests.framework */,
			);
			name = Frameworks;
			sourceTree = "<group>";
		};
		91AC898C0C15BE57EEA33ACE /* Pods */ = {
			isa = PBXGroup;
			children = (
				3FE39664FA81B7420E47990D /* Pods-CerealDemo.debug.xcconfig */,
				F2F54B7C6DA37652B38F7DDF /* Pods-CerealDemo.release.xcconfig */,
				3864DF5200A069E886E17CE4 /* Pods-CerealDemo-CerealDemoUITests.debug.xcconfig */,
				88A7012A24FD3CD168347FEC /* Pods-CerealDemo-CerealDemoUITests.release.xcconfig */,
				5544116DA604AF86724B2296 /* Pods-CerealDemoTests.debug.xcconfig */,
				246C2D8818FC2258A4A5466F /* Pods-CerealDemoTests.release.xcconfig */,
			);
			path = Pods;
			sourceTree = "<group>";
		};
		99AB81FC294AB6A3006703A6 = {
			isa = PBXGroup;
			children = (
				99FEF11A294AD22F003418A5 /* ssd_mobilenet_v1.tflite */,
				99FEF116294ACC45003418A5 /* best-int8.tflite */,
				99C93D62294AB9C000498157 /* cereal_model.tflite */,
				99AB8207294AB6A3006703A6 /* CerealDemo */,
				99AB8218294AB6A4006703A6 /* CerealDemoTests */,
				99AB8222294AB6A4006703A6 /* CerealDemoUITests */,
				99AB8206294AB6A3006703A6 /* Products */,
				91AC898C0C15BE57EEA33ACE /* Pods */,
				2CB4820440D97ADB0FF788BD /* Frameworks */,
			);
			sourceTree = "<group>";
		};
		99AB8206294AB6A3006703A6 /* Products */ = {
			isa = PBXGroup;
			children = (
				99AB8205294AB6A3006703A6 /* CerealDemo.app */,
				99AB8215294AB6A4006703A6 /* CerealDemoTests.xctest */,
				99AB821F294AB6A4006703A6 /* CerealDemoUITests.xctest */,
			);
			name = Products;
			sourceTree = "<group>";
		};
		99AB8207294AB6A3006703A6 /* CerealDemo */ = {
			isa = PBXGroup;
			children = (
				99AB8251294AB795006703A6 /* TFLite */,
				99AB824C294AB790006703A6 /* Extensions */,
				99AB8245294AB78A006703A6 /* Camera */,
				99AB8254294AB79A006703A6 /* ViewModels */,
				99AB823E294AB77B006703A6 /* Views */,
				99AB8208294AB6A3006703A6 /* CerealDemoApp.swift */,
				99AB820C294AB6A4006703A6 /* Assets.xcassets */,
				99AB820E294AB6A4006703A6 /* Preview Content */,
			);
			path = CerealDemo;
			sourceTree = "<group>";
		};
		99AB820E294AB6A4006703A6 /* Preview Content */ = {
			isa = PBXGroup;
			children = (
				99AB820F294AB6A4006703A6 /* Preview Assets.xcassets */,
			);
			path = "Preview Content";
			sourceTree = "<group>";
		};
		99AB8218294AB6A4006703A6 /* CerealDemoTests */ = {
			isa = PBXGroup;
			children = (
				99AB8219294AB6A4006703A6 /* CerealDemoTests.swift */,
			);
			path = CerealDemoTests;
			sourceTree = "<group>";
		};
		99AB8222294AB6A4006703A6 /* CerealDemoUITests */ = {
			isa = PBXGroup;
			children = (
				99AB8223294AB6A4006703A6 /* CerealDemoUITests.swift */,
				99AB8225294AB6A4006703A6 /* CerealDemoUITestsLaunchTests.swift */,
			);
			path = CerealDemoUITests;
			sourceTree = "<group>";
		};
		99AB823E294AB77B006703A6 /* Views */ = {
			isa = PBXGroup;
			children = (
				99AB823F294AB77B006703A6 /* FrameView.swift */,
				99AB8240294AB77B006703A6 /* ContentView.swift */,
				99AB8241294AB77B006703A6 /* ErrorView.swift */,
			);
			path = Views;
			sourceTree = "<group>";
		};
		99AB8245294AB78A006703A6 /* Camera */ = {
			isa = PBXGroup;
			children = (
				99AB8246294AB78B006703A6 /* CameraError.swift */,
				99AB8247294AB78B006703A6 /* FrameManager.swift */,
				99AB8248294AB78B006703A6 /* CameraManager.swift */,
			);
			path = Camera;
			sourceTree = "<group>";
		};
		99AB824C294AB790006703A6 /* Extensions */ = {
			isa = PBXGroup;
			children = (
				99AB824D294AB790006703A6 /* CGImageExtension.swift */,
				99AB824E294AB790006703A6 /* StringExtension.swift */,
			);
			path = Extensions;
			sourceTree = "<group>";
		};
		99AB8251294AB795006703A6 /* TFLite */ = {
			isa = PBXGroup;
			children = (
				99AB8252294AB795006703A6 /* CerealClassificationHelper.swift */,
				99FEF114294ACB79003418A5 /* CerealDetectionHelper.swift */,
			);
			path = TFLite;
			sourceTree = "<group>";
		};
		99AB8254294AB79A006703A6 /* ViewModels */ = {
			isa = PBXGroup;
			children = (
				99AB8255294AB79A006703A6 /* ContentViewModel.swift */,
			);
			path = ViewModels;
			sourceTree = "<group>";
		};
/* End PBXGroup section */

/* Begin PBXNativeTarget section */
		99AB8204294AB6A3006703A6 /* CerealDemo */ = {
			isa = PBXNativeTarget;
			buildConfigurationList = 99AB8229294AB6A4006703A6 /* Build configuration list for PBXNativeTarget "CerealDemo" */;
			buildPhases = (
				2C2DEA487914752CB9B99517 /* [CP] Check Pods Manifest.lock */,
				99AB8201294AB6A3006703A6 /* Sources */,
				99AB8202294AB6A3006703A6 /* Frameworks */,
				99AB8203294AB6A3006703A6 /* Resources */,
			);
			buildRules = (
			);
			dependencies = (
			);
			name = CerealDemo;
			productName = CerealDemo;
			productReference = 99AB8205294AB6A3006703A6 /* CerealDemo.app */;
			productType = "com.apple.product-type.application";
		};
		99AB8214294AB6A4006703A6 /* CerealDemoTests */ = {
			isa = PBXNativeTarget;
			buildConfigurationList = 99AB822C294AB6A4006703A6 /* Build configuration list for PBXNativeTarget "CerealDemoTests" */;
			buildPhases = (
				EE504988452A62FEA61A0AC4 /* [CP] Check Pods Manifest.lock */,
				99AB8211294AB6A4006703A6 /* Sources */,
				99AB8212294AB6A4006703A6 /* Frameworks */,
				99AB8213294AB6A4006703A6 /* Resources */,
			);
			buildRules = (
			);
			dependencies = (
				99AB8217294AB6A4006703A6 /* PBXTargetDependency */,
			);
			name = CerealDemoTests;
			productName = CerealDemoTests;
			productReference = 99AB8215294AB6A4006703A6 /* CerealDemoTests.xctest */;
			productType = "com.apple.product-type.bundle.unit-test";
		};
		99AB821E294AB6A4006703A6 /* CerealDemoUITests */ = {
			isa = PBXNativeTarget;
			buildConfigurationList = 99AB822F294AB6A4006703A6 /* Build configuration list for PBXNativeTarget "CerealDemoUITests" */;
			buildPhases = (
				F7525F80FE1905AE403EF891 /* [CP] Check Pods Manifest.lock */,
				99AB821B294AB6A4006703A6 /* Sources */,
				99AB821C294AB6A4006703A6 /* Frameworks */,
				99AB821D294AB6A4006703A6 /* Resources */,
			);
			buildRules = (
			);
			dependencies = (
				99AB8221294AB6A4006703A6 /* PBXTargetDependency */,
			);
			name = CerealDemoUITests;
			productName = CerealDemoUITests;
			productReference = 99AB821F294AB6A4006703A6 /* CerealDemoUITests.xctest */;
			productType = "com.apple.product-type.bundle.ui-testing";
		};
/* End PBXNativeTarget section */

/* Begin PBXProject section */
		99AB81FD294AB6A3006703A6 /* Project object */ = {
			isa = PBXProject;
			attributes = {
				BuildIndependentTargetsInParallel = 1;
				LastSwiftUpdateCheck = 1420;
				LastUpgradeCheck = 1420;
				TargetAttributes = {
					99AB8204294AB6A3006703A6 = {
						CreatedOnToolsVersion = 14.2;
					};
					99AB8214294AB6A4006703A6 = {
						CreatedOnToolsVersion = 14.2;
						TestTargetID = 99AB8204294AB6A3006703A6;
					};
					99AB821E294AB6A4006703A6 = {
						CreatedOnToolsVersion = 14.2;
						TestTargetID = 99AB8204294AB6A3006703A6;
					};
				};
			};
			buildConfigurationList = 99AB8200294AB6A3006703A6 /* Build configuration list for PBXProject "CerealDemo" */;
			compatibilityVersion = "Xcode 14.0";
			developmentRegion = en;
			hasScannedForEncodings = 0;
			knownRegions = (
				en,
				Base,
			);
			mainGroup = 99AB81FC294AB6A3006703A6;
			productRefGroup = 99AB8206294AB6A3006703A6 /* Products */;
			projectDirPath = "";
			projectRoot = "";
			targets = (
				99AB8204294AB6A3006703A6 /* CerealDemo */,
				99AB8214294AB6A4006703A6 /* CerealDemoTests */,
				99AB821E294AB6A4006703A6 /* CerealDemoUITests */,
			);
		};
/* End PBXProject section */

/* Begin PBXResourcesBuildPhase section */
		99AB8203294AB6A3006703A6 /* Resources */ = {
			isa = PBXResourcesBuildPhase;
			buildActionMask = 2147483647;
			files = (
				99FEF11B294AD22F003418A5 /* ssd_mobilenet_v1.tflite in Resources */,
				99FEF117294ACC45003418A5 /* best-int8.tflite in Resources */,
				99C93D63294AB9C000498157 /* cereal_model.tflite in Resources */,
				99AB8210294AB6A4006703A6 /* Preview Assets.xcassets in Resources */,
				99AB820D294AB6A4006703A6 /* Assets.xcassets in Resources */,
			);
			runOnlyForDeploymentPostprocessing = 0;
		};
		99AB8213294AB6A4006703A6 /* Resources */ = {
			isa = PBXResourcesBuildPhase;
			buildActionMask = 2147483647;
			files = (
			);
			runOnlyForDeploymentPostprocessing = 0;
		};
		99AB821D294AB6A4006703A6 /* Resources */ = {
			isa = PBXResourcesBuildPhase;
			buildActionMask = 2147483647;
			files = (
			);
			runOnlyForDeploymentPostprocessing = 0;
		};
/* End PBXResourcesBuildPhase section */

/* Begin PBXShellScriptBuildPhase section */
		2C2DEA487914752CB9B99517 /* [CP] Check Pods Manifest.lock */ = {
			isa = PBXShellScriptBuildPhase;
			buildActionMask = 2147483647;
			files = (
			);
			inputFileListPaths = (
			);
			inputPaths = (
				"${PODS_PODFILE_DIR_PATH}/Podfile.lock",
				"${PODS_ROOT}/Manifest.lock",
			);
			name = "[CP] Check Pods Manifest.lock";
			outputFileListPaths = (
			);
			outputPaths = (
				"$(DERIVED_FILE_DIR)/Pods-CerealDemo-checkManifestLockResult.txt",
			);
			runOnlyForDeploymentPostprocessing = 0;
			shellPath = /bin/sh;
			shellScript = "diff \"${PODS_PODFILE_DIR_PATH}/Podfile.lock\" \"${PODS_ROOT}/Manifest.lock\" > /dev/null\nif [ $? != 0 ] ; then\n    # print error to STDERR\n    echo \"error: The sandbox is not in sync with the Podfile.lock. Run 'pod install' or update your CocoaPods installation.\" >&2\n    exit 1\nfi\n# This output is used by Xcode 'outputs' to avoid re-running this script phase.\necho \"SUCCESS\" > \"${SCRIPT_OUTPUT_FILE_0}\"\n";
			showEnvVarsInLog = 0;
		};
		EE504988452A62FEA61A0AC4 /* [CP] Check Pods Manifest.lock */ = {
			isa = PBXShellScriptBuildPhase;
			buildActionMask = 2147483647;
			files = (
			);
			inputFileListPaths = (
			);
			inputPaths = (
				"${PODS_PODFILE_DIR_PATH}/Podfile.lock",
				"${PODS_ROOT}/Manifest.lock",
			);
			name = "[CP] Check Pods Manifest.lock";
			outputFileListPaths = (
			);
			outputPaths = (
				"$(DERIVED_FILE_DIR)/Pods-CerealDemoTests-checkManifestLockResult.txt",
			);
			runOnlyForDeploymentPostprocessing = 0;
			shellPath = /bin/sh;
			shellScript = "diff \"${PODS_PODFILE_DIR_PATH}/Podfile.lock\" \"${PODS_ROOT}/Manifest.lock\" > /dev/null\nif [ $? != 0 ] ; then\n    # print error to STDERR\n    echo \"error: The sandbox is not in sync with the Podfile.lock. Run 'pod install' or update your CocoaPods installation.\" >&2\n    exit 1\nfi\n# This output is used by Xcode 'outputs' to avoid re-running this script phase.\necho \"SUCCESS\" > \"${SCRIPT_OUTPUT_FILE_0}\"\n";
			showEnvVarsInLog = 0;
		};
		F7525F80FE1905AE403EF891 /* [CP] Check Pods Manifest.lock */ = {
			isa = PBXShellScriptBuildPhase;
			buildActionMask = 2147483647;
			files = (
			);
			inputFileListPaths = (
			);
			inputPaths = (
				"${PODS_PODFILE_DIR_PATH}/Podfile.lock",
				"${PODS_ROOT}/Manifest.lock",
			);
			name = "[CP] Check Pods Manifest.lock";
			outputFileListPaths = (
			);
			outputPaths = (
				"$(DERIVED_FILE_DIR)/Pods-CerealDemo-CerealDemoUITests-checkManifestLockResult.txt",
			);
			runOnlyForDeploymentPostprocessing = 0;
			shellPath = /bin/sh;
			shellScript = "diff \"${PODS_PODFILE_DIR_PATH}/Podfile.lock\" \"${PODS_ROOT}/Manifest.lock\" > /dev/null\nif [ $? != 0 ] ; then\n    # print error to STDERR\n    echo \"error: The sandbox is not in sync with the Podfile.lock. Run 'pod install' or update your CocoaPods installation.\" >&2\n    exit 1\nfi\n# This output is used by Xcode 'outputs' to avoid re-running this script phase.\necho \"SUCCESS\" > \"${SCRIPT_OUTPUT_FILE_0}\"\n";
			showEnvVarsInLog = 0;
		};
/* End PBXShellScriptBuildPhase section */

/* Begin PBXSourcesBuildPhase section */
		99AB8201294AB6A3006703A6 /* Sources */ = {
			isa = PBXSourcesBuildPhase;
			buildActionMask = 2147483647;
			files = (
				99AB8244294AB77B006703A6 /* ErrorView.swift in Sources */,
				99AB824B294AB78B006703A6 /* CameraManager.swift in Sources */,
				99AB824A294AB78B006703A6 /* FrameManager.swift in Sources */,
				99AB824F294AB790006703A6 /* CGImageExtension.swift in Sources */,
				99AB8253294AB795006703A6 /* CerealClassificationHelper.swift in Sources */,
				99AB8249294AB78B006703A6 /* CameraError.swift in Sources */,
				99FEF115294ACB79003418A5 /* CerealDetectionHelper.swift in Sources */,
				99AB8250294AB790006703A6 /* StringExtension.swift in Sources */,
				99AB8256294AB79A006703A6 /* ContentViewModel.swift in Sources */,
				99AB8242294AB77B006703A6 /* FrameView.swift in Sources */,
				99AB8243294AB77B006703A6 /* ContentView.swift in Sources */,
				99AB8209294AB6A3006703A6 /* CerealDemoApp.swift in Sources */,
			);
			runOnlyForDeploymentPostprocessing = 0;
		};
		99AB8211294AB6A4006703A6 /* Sources */ = {
			isa = PBXSourcesBuildPhase;
			buildActionMask = 2147483647;
			files = (
				99AB821A294AB6A4006703A6 /* CerealDemoTests.swift in Sources */,
			);
			runOnlyForDeploymentPostprocessing = 0;
		};
		99AB821B294AB6A4006703A6 /* Sources */ = {
			isa = PBXSourcesBuildPhase;
			buildActionMask = 2147483647;
			files = (
				99AB8224294AB6A4006703A6 /* CerealDemoUITests.swift in Sources */,
				99AB8226294AB6A4006703A6 /* CerealDemoUITestsLaunchTests.swift in Sources */,
			);
			runOnlyForDeploymentPostprocessing = 0;
		};
/* End PBXSourcesBuildPhase section */

/* Begin PBXTargetDependency section */
		99AB8217294AB6A4006703A6 /* PBXTargetDependency */ = {
			isa = PBXTargetDependency;
			target = 99AB8204294AB6A3006703A6 /* CerealDemo */;
			targetProxy = 99AB8216294AB6A4006703A6 /* PBXContainerItemProxy */;
		};
		99AB8221294AB6A4006703A6 /* PBXTargetDependency */ = {
			isa = PBXTargetDependency;
			target = 99AB8204294AB6A3006703A6 /* CerealDemo */;
			targetProxy = 99AB8220294AB6A4006703A6 /* PBXContainerItemProxy */;
		};
/* End PBXTargetDependency section */

/* Begin XCBuildConfiguration section */
		99AB8227294AB6A4006703A6 /* Debug */ = {
			isa = XCBuildConfiguration;
			buildSettings = {
				ALWAYS_SEARCH_USER_PATHS = NO;
				CLANG_ANALYZER_NONNULL = YES;
				CLANG_ANALYZER_NUMBER_OBJECT_CONVERSION = YES_AGGRESSIVE;
				CLANG_CXX_LANGUAGE_STANDARD = "gnu++20";
				CLANG_ENABLE_MODULES = YES;
				CLANG_ENABLE_OBJC_ARC = YES;
				CLANG_ENABLE_OBJC_WEAK = YES;
				CLANG_WARN_BLOCK_CAPTURE_AUTORELEASING = YES;
				CLANG_WARN_BOOL_CONVERSION = YES;
				CLANG_WARN_COMMA = YES;
				CLANG_WARN_CONSTANT_CONVERSION = YES;
				CLANG_WARN_DEPRECATED_OBJC_IMPLEMENTATIONS = YES;
				CLANG_WARN_DIRECT_OBJC_ISA_USAGE = YES_ERROR;
				CLANG_WARN_DOCUMENTATION_COMMENTS = YES;
				CLANG_WARN_EMPTY_BODY = YES;
				CLANG_WARN_ENUM_CONVERSION = YES;
				CLANG_WARN_INFINITE_RECURSION = YES;
				CLANG_WARN_INT_CONVERSION = YES;
				CLANG_WARN_NON_LITERAL_NULL_CONVERSION = YES;
				CLANG_WARN_OBJC_IMPLICIT_RETAIN_SELF = YES;
				CLANG_WARN_OBJC_LITERAL_CONVERSION = YES;
				CLANG_WARN_OBJC_ROOT_CLASS = YES_ERROR;
				CLANG_WARN_QUOTED_INCLUDE_IN_FRAMEWORK_HEADER = YES;
				CLANG_WARN_RANGE_LOOP_ANALYSIS = YES;
				CLANG_WARN_STRICT_PROTOTYPES = YES;
				CLANG_WARN_SUSPICIOUS_MOVE = YES;
				CLANG_WARN_UNGUARDED_AVAILABILITY = YES_AGGRESSIVE;
				CLANG_WARN_UNREACHABLE_CODE = YES;
				CLANG_WARN__DUPLICATE_METHOD_MATCH = YES;
				COPY_PHASE_STRIP = NO;
				DEBUG_INFORMATION_FORMAT = dwarf;
				ENABLE_STRICT_OBJC_MSGSEND = YES;
				ENABLE_TESTABILITY = YES;
				GCC_C_LANGUAGE_STANDARD = gnu11;
				GCC_DYNAMIC_NO_PIC = NO;
				GCC_NO_COMMON_BLOCKS = YES;
				GCC_OPTIMIZATION_LEVEL = 0;
				GCC_PREPROCESSOR_DEFINITIONS = (
					"DEBUG=1",
					"$(inherited)",
				);
				GCC_WARN_64_TO_32_BIT_CONVERSION = YES;
				GCC_WARN_ABOUT_RETURN_TYPE = YES_ERROR;
				GCC_WARN_UNDECLARED_SELECTOR = YES;
				GCC_WARN_UNINITIALIZED_AUTOS = YES_AGGRESSIVE;
				GCC_WARN_UNUSED_FUNCTION = YES;
				GCC_WARN_UNUSED_VARIABLE = YES;
				IPHONEOS_DEPLOYMENT_TARGET = 15.4;
				MTL_ENABLE_DEBUG_INFO = INCLUDE_SOURCE;
				MTL_FAST_MATH = YES;
				ONLY_ACTIVE_ARCH = YES;
				SDKROOT = iphoneos;
				SWIFT_ACTIVE_COMPILATION_CONDITIONS = DEBUG;
				SWIFT_OPTIMIZATION_LEVEL = "-Onone";
			};
			name = Debug;
		};
		99AB8228294AB6A4006703A6 /* Release */ = {
			isa = XCBuildConfiguration;
			buildSettings = {
				ALWAYS_SEARCH_USER_PATHS = NO;
				CLANG_ANALYZER_NONNULL = YES;
				CLANG_ANALYZER_NUMBER_OBJECT_CONVERSION = YES_AGGRESSIVE;
				CLANG_CXX_LANGUAGE_STANDARD = "gnu++20";
				CLANG_ENABLE_MODULES = YES;
				CLANG_ENABLE_OBJC_ARC = YES;
				CLANG_ENABLE_OBJC_WEAK = YES;
				CLANG_WARN_BLOCK_CAPTURE_AUTORELEASING = YES;
				CLANG_WARN_BOOL_CONVERSION = YES;
				CLANG_WARN_COMMA = YES;
				CLANG_WARN_CONSTANT_CONVERSION = YES;
				CLANG_WARN_DEPRECATED_OBJC_IMPLEMENTATIONS = YES;
				CLANG_WARN_DIRECT_OBJC_ISA_USAGE = YES_ERROR;
				CLANG_WARN_DOCUMENTATION_COMMENTS = YES;
				CLANG_WARN_EMPTY_BODY = YES;
				CLANG_WARN_ENUM_CONVERSION = YES;
				CLANG_WARN_INFINITE_RECURSION = YES;
				CLANG_WARN_INT_CONVERSION = YES;
				CLANG_WARN_NON_LITERAL_NULL_CONVERSION = YES;
				CLANG_WARN_OBJC_IMPLICIT_RETAIN_SELF = YES;
				CLANG_WARN_OBJC_LITERAL_CONVERSION = YES;
				CLANG_WARN_OBJC_ROOT_CLASS = YES_ERROR;
				CLANG_WARN_QUOTED_INCLUDE_IN_FRAMEWORK_HEADER = YES;
				CLANG_WARN_RANGE_LOOP_ANALYSIS = YES;
				CLANG_WARN_STRICT_PROTOTYPES = YES;
				CLANG_WARN_SUSPICIOUS_MOVE = YES;
				CLANG_WARN_UNGUARDED_AVAILABILITY = YES_AGGRESSIVE;
				CLANG_WARN_UNREACHABLE_CODE = YES;
				CLANG_WARN__DUPLICATE_METHOD_MATCH = YES;
				COPY_PHASE_STRIP = NO;
				DEBUG_INFORMATION_FORMAT = "dwarf-with-dsym";
				ENABLE_NS_ASSERTIONS = NO;
				ENABLE_STRICT_OBJC_MSGSEND = YES;
				GCC_C_LANGUAGE_STANDARD = gnu11;
				GCC_NO_COMMON_BLOCKS = YES;
				GCC_WARN_64_TO_32_BIT_CONVERSION = YES;
				GCC_WARN_ABOUT_RETURN_TYPE = YES_ERROR;
				GCC_WARN_UNDECLARED_SELECTOR = YES;
				GCC_WARN_UNINITIALIZED_AUTOS = YES_AGGRESSIVE;
				GCC_WARN_UNUSED_FUNCTION = YES;
				GCC_WARN_UNUSED_VARIABLE = YES;
				IPHONEOS_DEPLOYMENT_TARGET = 15.4;
				MTL_ENABLE_DEBUG_INFO = NO;
				MTL_FAST_MATH = YES;
				SDKROOT = iphoneos;
				SWIFT_COMPILATION_MODE = wholemodule;
				SWIFT_OPTIMIZATION_LEVEL = "-O";
				VALIDATE_PRODUCT = YES;
			};
			name = Release;
		};
		99AB822A294AB6A4006703A6 /* Debug */ = {
			isa = XCBuildConfiguration;
			baseConfigurationReference = 3FE39664FA81B7420E47990D /* Pods-CerealDemo.debug.xcconfig */;
			buildSettings = {
				ASSETCATALOG_COMPILER_APPICON_NAME = AppIcon;
				ASSETCATALOG_COMPILER_GLOBAL_ACCENT_COLOR_NAME = AccentColor;
				CODE_SIGN_STYLE = Automatic;
				CURRENT_PROJECT_VERSION = 1;
				DEVELOPMENT_ASSET_PATHS = "\"CerealDemo/Preview Content\"";
				DEVELOPMENT_TEAM = 8WPMXB6QPC;
				ENABLE_PREVIEWS = YES;
				GENERATE_INFOPLIST_FILE = YES;
				INFOPLIST_FILE = CerealDemo/Info.plist;
				INFOPLIST_KEY_NSCameraUsageDescription = "Camera required in order to do cereal detection";
				INFOPLIST_KEY_UIApplicationSceneManifest_Generation = YES;
				INFOPLIST_KEY_UIApplicationSupportsIndirectInputEvents = YES;
				INFOPLIST_KEY_UILaunchScreen_Generation = YES;
				INFOPLIST_KEY_UISupportedInterfaceOrientations_iPad = "UIInterfaceOrientationPortrait UIInterfaceOrientationPortraitUpsideDown UIInterfaceOrientationLandscapeLeft UIInterfaceOrientationLandscapeRight";
				INFOPLIST_KEY_UISupportedInterfaceOrientations_iPhone = "UIInterfaceOrientationPortrait UIInterfaceOrientationLandscapeLeft UIInterfaceOrientationLandscapeRight";
				IPHONEOS_DEPLOYMENT_TARGET = 15.5;
				LD_RUNPATH_SEARCH_PATHS = (
					"$(inherited)",
					"@executable_path/Frameworks",
				);
				MARKETING_VERSION = 1.0;
				PRODUCT_BUNDLE_IDENTIFIER = com.andresvi94.CerealDemo;
				PRODUCT_NAME = "$(TARGET_NAME)";
				SWIFT_EMIT_LOC_STRINGS = YES;
				SWIFT_VERSION = 5.0;
				TARGETED_DEVICE_FAMILY = "1,2";
			};
			name = Debug;
		};
		99AB822B294AB6A4006703A6 /* Release */ = {
			isa = XCBuildConfiguration;
			baseConfigurationReference = F2F54B7C6DA37652B38F7DDF /* Pods-CerealDemo.release.xcconfig */;
			buildSettings = {
				ASSETCATALOG_COMPILER_APPICON_NAME = AppIcon;
				ASSETCATALOG_COMPILER_GLOBAL_ACCENT_COLOR_NAME = AccentColor;
				CODE_SIGN_STYLE = Automatic;
				CURRENT_PROJECT_VERSION = 1;
				DEVELOPMENT_ASSET_PATHS = "\"CerealDemo/Preview Content\"";
				DEVELOPMENT_TEAM = 8WPMXB6QPC;
				ENABLE_PREVIEWS = YES;
				GENERATE_INFOPLIST_FILE = YES;
				INFOPLIST_FILE = CerealDemo/Info.plist;
				INFOPLIST_KEY_NSCameraUsageDescription = "Camera required in order to do cereal detection";
				INFOPLIST_KEY_UIApplicationSceneManifest_Generation = YES;
				INFOPLIST_KEY_UIApplicationSupportsIndirectInputEvents = YES;
				INFOPLIST_KEY_UILaunchScreen_Generation = YES;
				INFOPLIST_KEY_UISupportedInterfaceOrientations_iPad = "UIInterfaceOrientationPortrait UIInterfaceOrientationPortraitUpsideDown UIInterfaceOrientationLandscapeLeft UIInterfaceOrientationLandscapeRight";
				INFOPLIST_KEY_UISupportedInterfaceOrientations_iPhone = "UIInterfaceOrientationPortrait UIInterfaceOrientationLandscapeLeft UIInterfaceOrientationLandscapeRight";
				IPHONEOS_DEPLOYMENT_TARGET = 15.5;
				LD_RUNPATH_SEARCH_PATHS = (
					"$(inherited)",
					"@executable_path/Frameworks",
				);
				MARKETING_VERSION = 1.0;
				PRODUCT_BUNDLE_IDENTIFIER = com.andresvi94.CerealDemo;
				PRODUCT_NAME = "$(TARGET_NAME)";
				SWIFT_EMIT_LOC_STRINGS = YES;
				SWIFT_VERSION = 5.0;
				TARGETED_DEVICE_FAMILY = "1,2";
			};
			name = Release;
		};
		99AB822D294AB6A4006703A6 /* Debug */ = {
			isa = XCBuildConfiguration;
			baseConfigurationReference = 5544116DA604AF86724B2296 /* Pods-CerealDemoTests.debug.xcconfig */;
			buildSettings = {
				ALWAYS_EMBED_SWIFT_STANDARD_LIBRARIES = YES;
				BUNDLE_LOADER = "$(TEST_HOST)";
				CODE_SIGN_STYLE = Automatic;
				CURRENT_PROJECT_VERSION = 1;
				DEVELOPMENT_TEAM = 8WPMXB6QPC;
				GENERATE_INFOPLIST_FILE = YES;
				IPHONEOS_DEPLOYMENT_TARGET = 16.2;
				MARKETING_VERSION = 1.0;
				PRODUCT_BUNDLE_IDENTIFIER = com.andresvi94.CerealDemoTests;
				PRODUCT_NAME = "$(TARGET_NAME)";
				SWIFT_EMIT_LOC_STRINGS = NO;
				SWIFT_VERSION = 5.0;
				TARGETED_DEVICE_FAMILY = "1,2";
				TEST_HOST = "$(BUILT_PRODUCTS_DIR)/CerealDemo.app/$(BUNDLE_EXECUTABLE_FOLDER_PATH)/CerealDemo";
			};
			name = Debug;
		};
		99AB822E294AB6A4006703A6 /* Release */ = {
			isa = XCBuildConfiguration;
			baseConfigurationReference = 246C2D8818FC2258A4A5466F /* Pods-CerealDemoTests.release.xcconfig */;
			buildSettings = {
				ALWAYS_EMBED_SWIFT_STANDARD_LIBRARIES = YES;
				BUNDLE_LOADER = "$(TEST_HOST)";
				CODE_SIGN_STYLE = Automatic;
				CURRENT_PROJECT_VERSION = 1;
				DEVELOPMENT_TEAM = 8WPMXB6QPC;
				GENERATE_INFOPLIST_FILE = YES;
				IPHONEOS_DEPLOYMENT_TARGET = 16.2;
				MARKETING_VERSION = 1.0;
				PRODUCT_BUNDLE_IDENTIFIER = com.andresvi94.CerealDemoTests;
				PRODUCT_NAME = "$(TARGET_NAME)";
				SWIFT_EMIT_LOC_STRINGS = NO;
				SWIFT_VERSION = 5.0;
				TARGETED_DEVICE_FAMILY = "1,2";
				TEST_HOST = "$(BUILT_PRODUCTS_DIR)/CerealDemo.app/$(BUNDLE_EXECUTABLE_FOLDER_PATH)/CerealDemo";
			};
			name = Release;
		};
		99AB8230294AB6A4006703A6 /* Debug */ = {
			isa = XCBuildConfiguration;
			baseConfigurationReference = 3864DF5200A069E886E17CE4 /* Pods-CerealDemo-CerealDemoUITests.debug.xcconfig */;
			buildSettings = {
				ALWAYS_EMBED_SWIFT_STANDARD_LIBRARIES = YES;
				CODE_SIGN_STYLE = Automatic;
				CURRENT_PROJECT_VERSION = 1;
				DEVELOPMENT_TEAM = 8WPMXB6QPC;
				GENERATE_INFOPLIST_FILE = YES;
				MARKETING_VERSION = 1.0;
				PRODUCT_BUNDLE_IDENTIFIER = com.andresvi94.CerealDemoUITests;
				PRODUCT_NAME = "$(TARGET_NAME)";
				SWIFT_EMIT_LOC_STRINGS = NO;
				SWIFT_VERSION = 5.0;
				TARGETED_DEVICE_FAMILY = "1,2";
				TEST_TARGET_NAME = CerealDemo;
			};
			name = Debug;
		};
		99AB8231294AB6A4006703A6 /* Release */ = {
			isa = XCBuildConfiguration;
			baseConfigurationReference = 88A7012A24FD3CD168347FEC /* Pods-CerealDemo-CerealDemoUITests.release.xcconfig */;
			buildSettings = {
				ALWAYS_EMBED_SWIFT_STANDARD_LIBRARIES = YES;
				CODE_SIGN_STYLE = Automatic;
				CURRENT_PROJECT_VERSION = 1;
				DEVELOPMENT_TEAM = 8WPMXB6QPC;
				GENERATE_INFOPLIST_FILE = YES;
				MARKETING_VERSION = 1.0;
				PRODUCT_BUNDLE_IDENTIFIER = com.andresvi94.CerealDemoUITests;
				PRODUCT_NAME = "$(TARGET_NAME)";
				SWIFT_EMIT_LOC_STRINGS = NO;
				SWIFT_VERSION = 5.0;
				TARGETED_DEVICE_FAMILY = "1,2";
				TEST_TARGET_NAME = CerealDemo;
			};
			name = Release;
		};
/* End XCBuildConfiguration section */

/* Begin XCConfigurationList section */
		99AB8200294AB6A3006703A6 /* Build configuration list for PBXProject "CerealDemo" */ = {
			isa = XCConfigurationList;
			buildConfigurations = (
				99AB8227294AB6A4006703A6 /* Debug */,
				99AB8228294AB6A4006703A6 /* Release */,
			);
			defaultConfigurationIsVisible = 0;
			defaultConfigurationName = Release;
		};
		99AB8229294AB6A4006703A6 /* Build configuration list for PBXNativeTarget "CerealDemo" */ = {
			isa = XCConfigurationList;
			buildConfigurations = (
				99AB822A294AB6A4006703A6 /* Debug */,
				99AB822B294AB6A4006703A6 /* Release */,
			);
			defaultConfigurationIsVisible = 0;
			defaultConfigurationName = Release;
		};
		99AB822C294AB6A4006703A6 /* Build configuration list for PBXNativeTarget "CerealDemoTests" */ = {
			isa = XCConfigurationList;
			buildConfigurations = (
				99AB822D294AB6A4006703A6 /* Debug */,
				99AB822E294AB6A4006703A6 /* Release */,
			);
			defaultConfigurationIsVisible = 0;
			defaultConfigurationName = Release;
		};
		99AB822F294AB6A4006703A6 /* Build configuration list for PBXNativeTarget "CerealDemoUITests" */ = {
			isa = XCConfigurationList;
			buildConfigurations = (
				99AB8230294AB6A4006703A6 /* Debug */,
				99AB8231294AB6A4006703A6 /* Release */,
			);
			defaultConfigurationIsVisible = 0;
			defaultConfigurationName = Release;
		};
/* End XCConfigurationList section */
	};
	rootObject = 99AB81FD294AB6A3006703A6 /* Project object */;
}
